// !$*UTF8*$!
{
	archiveVersion = 1;
	classes = {
	};
	objectVersion = 55;
	objects = {

/* Begin PBXBuildFile section */
		09A771DB2925481F0095FA28 /* main.swift in Sources */ = {isa = PBXBuildFile; fileRef = 09A771DA2925481F0095FA28 /* main.swift */; };
		09A771E42925482C0095FA28 /* udp.c in Sources */ = {isa = PBXBuildFile; fileRef = 09A771E32925482C0095FA28 /* udp.c */; };
		09A771EA292664700095FA28 /* http.c in Sources */ = {isa = PBXBuildFile; fileRef = 09A771E9292664700095FA28 /* http.c */; };
		09A771EE292667320095FA28 /* NetworkRequester.swift in Sources */ = {isa = PBXBuildFile; fileRef = 09A771ED292667320095FA28 /* NetworkRequester.swift */; };
		09A771F2292667F90095FA28 /* TransoptProtocolType.swift in Sources */ = {isa = PBXBuildFile; fileRef = 09A771F1292667F90095FA28 /* TransoptProtocolType.swift */; };
		09A771F4292669050095FA28 /* RequestParameters.swift in Sources */ = {isa = PBXBuildFile; fileRef = 09A771F3292669050095FA28 /* RequestParameters.swift */; };
		09A771F62926694D0095FA28 /* HttpMethod.swift in Sources */ = {isa = PBXBuildFile; fileRef = 09A771F52926694D0095FA28 /* HttpMethod.swift */; };
		09A771F829266EF80095FA28 /* String.swift in Sources */ = {isa = PBXBuildFile; fileRef = 09A771F729266EF80095FA28 /* String.swift */; };
/* End PBXBuildFile section */

/* Begin PBXCopyFilesBuildPhase section */
		09A771D52925481F0095FA28 /* CopyFiles */ = {
			isa = PBXCopyFilesBuildPhase;
			buildActionMask = 2147483647;
			dstPath = /usr/share/man/man1/;
			dstSubfolderSpec = 0;
			files = (
			);
			runOnlyForDeploymentPostprocessing = 1;
		};
/* End PBXCopyFilesBuildPhase section */

/* Begin PBXFileReference section */
		09A771D72925481F0095FA28 /* SocketClient */ = {isa = PBXFileReference; explicitFileType = "compiled.mach-o.executable"; includeInIndex = 0; path = SocketClient; sourceTree = BUILT_PRODUCTS_DIR; };
		09A771DA2925481F0095FA28 /* main.swift */ = {isa = PBXFileReference; lastKnownFileType = sourcecode.swift; path = main.swift; sourceTree = "<group>"; };
		09A771E12925482B0095FA28 /* SocketClient-Bridging-Header.h */ = {isa = PBXFileReference; lastKnownFileType = sourcecode.c.h; path = "SocketClient-Bridging-Header.h"; sourceTree = "<group>"; };
		09A771E22925482C0095FA28 /* udp.h */ = {isa = PBXFileReference; lastKnownFileType = sourcecode.c.h; path = udp.h; sourceTree = "<group>"; };
		09A771E32925482C0095FA28 /* udp.c */ = {isa = PBXFileReference; lastKnownFileType = sourcecode.c.c; path = udp.c; sourceTree = "<group>"; };
		09A771E8292664700095FA28 /* http.h */ = {isa = PBXFileReference; lastKnownFileType = sourcecode.c.h; path = http.h; sourceTree = "<group>"; };
		09A771E9292664700095FA28 /* http.c */ = {isa = PBXFileReference; lastKnownFileType = sourcecode.c.c; path = http.c; sourceTree = "<group>"; };
		09A771ED292667320095FA28 /* NetworkRequester.swift */ = {isa = PBXFileReference; lastKnownFileType = sourcecode.swift; path = NetworkRequester.swift; sourceTree = "<group>"; };
		09A771F1292667F90095FA28 /* TransoptProtocolType.swift */ = {isa = PBXFileReference; lastKnownFileType = sourcecode.swift; path = TransoptProtocolType.swift; sourceTree = "<group>"; };
		09A771F3292669050095FA28 /* RequestParameters.swift */ = {isa = PBXFileReference; lastKnownFileType = sourcecode.swift; path = RequestParameters.swift; sourceTree = "<group>"; };
		09A771F52926694D0095FA28 /* HttpMethod.swift */ = {isa = PBXFileReference; lastKnownFileType = sourcecode.swift; path = HttpMethod.swift; sourceTree = "<group>"; };
		09A771F729266EF80095FA28 /* String.swift */ = {isa = PBXFileReference; lastKnownFileType = sourcecode.swift; path = String.swift; sourceTree = "<group>"; };
/* End PBXFileReference section */

/* Begin PBXFrameworksBuildPhase section */
		09A771D42925481F0095FA28 /* Frameworks */ = {
			isa = PBXFrameworksBuildPhase;
			buildActionMask = 2147483647;
			files = (
			);
			runOnlyForDeploymentPostprocessing = 0;
		};
/* End PBXFrameworksBuildPhase section */

/* Begin PBXGroup section */
		09A771CE2925481F0095FA28 = {
			isa = PBXGroup;
			children = (
				09A771D92925481F0095FA28 /* SocketClient */,
				09A771D82925481F0095FA28 /* Products */,
			);
			sourceTree = "<group>";
		};
		09A771D82925481F0095FA28 /* Products */ = {
			isa = PBXGroup;
			children = (
				09A771D72925481F0095FA28 /* SocketClient */,
			);
			name = Products;
			sourceTree = "<group>";
		};
		09A771D92925481F0095FA28 /* SocketClient */ = {
			isa = PBXGroup;
			children = (
				09A771F929266EFC0095FA28 /* Extensions */,
				09A771DA2925481F0095FA28 /* main.swift */,
				09A771EF2926678A0095FA28 /* NetworkRequester */,
				09A771E62926630C0095FA28 /* HTTP */,
				09A771E5292662FB0095FA28 /* UDP */,
				09A771E12925482B0095FA28 /* SocketClient-Bridging-Header.h */,
			);
			path = SocketClient;
			sourceTree = "<group>";
		};
		09A771E5292662FB0095FA28 /* UDP */ = {
			isa = PBXGroup;
			children = (
				09A771E22925482C0095FA28 /* udp.h */,
				09A771E32925482C0095FA28 /* udp.c */,
			);
			path = UDP;
			sourceTree = "<group>";
		};
		09A771E62926630C0095FA28 /* HTTP */ = {
			isa = PBXGroup;
			children = (
				09A771E8292664700095FA28 /* http.h */,
				09A771E9292664700095FA28 /* http.c */,
			);
			path = HTTP;
			sourceTree = "<group>";
		};
		09A771EF2926678A0095FA28 /* NetworkRequester */ = {
			isa = PBXGroup;
			children = (
				09A771F0292667BB0095FA28 /* Models */,
				09A771ED292667320095FA28 /* NetworkRequester.swift */,
			);
			path = NetworkRequester;
			sourceTree = "<group>";
		};
		09A771F0292667BB0095FA28 /* Models */ = {
			isa = PBXGroup;
			children = (
				09A771F1292667F90095FA28 /* TransoptProtocolType.swift */,
				09A771F3292669050095FA28 /* RequestParameters.swift */,
				09A771F52926694D0095FA28 /* HttpMethod.swift */,
			);
			path = Models;
			sourceTree = "<group>";
		};
		09A771F929266EFC0095FA28 /* Extensions */ = {
			isa = PBXGroup;
			children = (
				09A771F729266EF80095FA28 /* String.swift */,
			);
			path = Extensions;
			sourceTree = "<group>";
		};
/* End PBXGroup section */

/* Begin PBXNativeTarget section */
		09A771D62925481F0095FA28 /* SocketClient */ = {
			isa = PBXNativeTarget;
			buildConfigurationList = 09A771DE2925481F0095FA28 /* Build configuration list for PBXNativeTarget "SocketClient" */;
			buildPhases = (
				09A771D32925481F0095FA28 /* Sources */,
				09A771D42925481F0095FA28 /* Frameworks */,
				09A771D52925481F0095FA28 /* CopyFiles */,
			);
			buildRules = (
			);
			dependencies = (
			);
			name = SocketClient;
			productName = SocketClient;
			productReference = 09A771D72925481F0095FA28 /* SocketClient */;
			productType = "com.apple.product-type.tool";
		};
/* End PBXNativeTarget section */

/* Begin PBXProject section */
		09A771CF2925481F0095FA28 /* Project object */ = {
			isa = PBXProject;
			attributes = {
				BuildIndependentTargetsInParallel = 1;
				LastSwiftUpdateCheck = 1340;
				LastUpgradeCheck = 1340;
				TargetAttributes = {
					09A771D62925481F0095FA28 = {
						CreatedOnToolsVersion = 13.4.1;
						LastSwiftMigration = 1340;
					};
				};
			};
			buildConfigurationList = 09A771D22925481F0095FA28 /* Build configuration list for PBXProject "SocketClient" */;
			compatibilityVersion = "Xcode 13.0";
			developmentRegion = en;
			hasScannedForEncodings = 0;
			knownRegions = (
				en,
				Base,
			);
			mainGroup = 09A771CE2925481F0095FA28;
			productRefGroup = 09A771D82925481F0095FA28 /* Products */;
			projectDirPath = "";
			projectRoot = "";
			targets = (
				09A771D62925481F0095FA28 /* SocketClient */,
			);
		};
/* End PBXProject section */

/* Begin PBXSourcesBuildPhase section */
		09A771D32925481F0095FA28 /* Sources */ = {
			isa = PBXSourcesBuildPhase;
			buildActionMask = 2147483647;
			files = (
				09A771F2292667F90095FA28 /* TransoptProtocolType.swift in Sources */,
				09A771EE292667320095FA28 /* NetworkRequester.swift in Sources */,
				09A771F829266EF80095FA28 /* String.swift in Sources */,
				09A771F4292669050095FA28 /* RequestParameters.swift in Sources */,
				09A771F62926694D0095FA28 /* HttpMethod.swift in Sources */,
				09A771E42925482C0095FA28 /* udp.c in Sources */,
				09A771DB2925481F0095FA28 /* main.swift in Sources */,
				09A771EA292664700095FA28 /* http.c in Sources */,
			);
			runOnlyForDeploymentPostprocessing = 0;
		};
/* End PBXSourcesBuildPhase section */

/* Begin XCBuildConfiguration section */
		09A771DC2925481F0095FA28 /* Debug */ = {
			isa = XCBuildConfiguration;
			buildSettings = {
				ALWAYS_SEARCH_USER_PATHS = NO;
				CLANG_ANALYZER_NONNULL = YES;
				CLANG_ANALYZER_NUMBER_OBJECT_CONVERSION = YES_AGGRESSIVE;
				CLANG_CXX_LANGUAGE_STANDARD = "gnu++17";
				CLANG_ENABLE_MODULES = YES;
				CLANG_ENABLE_OBJC_ARC = YES;
				CLANG_ENABLE_OBJC_WEAK = YES;
				CLANG_WARN_BLOCK_CAPTURE_AUTORELEASING = YES;
				CLANG_WARN_BOOL_CONVERSION = YES;
				CLANG_WARN_COMMA = YES;
				CLANG_WARN_CONSTANT_CONVERSION = YES;
				CLANG_WARN_DEPRECATED_OBJC_IMPLEMENTATIONS = YES;
				CLANG_WARN_DIRECT_OBJC_ISA_USAGE = YES_ERROR;
				CLANG_WARN_DOCUMENTATION_COMMENTS = YES;
				CLANG_WARN_EMPTY_BODY = YES;
				CLANG_WARN_ENUM_CONVERSION = YES;
				CLANG_WARN_INFINITE_RECURSION = YES;
				CLANG_WARN_INT_CONVERSION = YES;
				CLANG_WARN_NON_LITERAL_NULL_CONVERSION = YES;
				CLANG_WARN_OBJC_IMPLICIT_RETAIN_SELF = YES;
				CLANG_WARN_OBJC_LITERAL_CONVERSION = YES;
				CLANG_WARN_OBJC_ROOT_CLASS = YES_ERROR;
				CLANG_WARN_QUOTED_INCLUDE_IN_FRAMEWORK_HEADER = YES;
				CLANG_WARN_RANGE_LOOP_ANALYSIS = YES;
				CLANG_WARN_STRICT_PROTOTYPES = YES;
				CLANG_WARN_SUSPICIOUS_MOVE = YES;
				CLANG_WARN_UNGUARDED_AVAILABILITY = YES_AGGRESSIVE;
				CLANG_WARN_UNREACHABLE_CODE = YES;
				CLANG_WARN__DUPLICATE_METHOD_MATCH = YES;
				COPY_PHASE_STRIP = NO;
				DEBUG_INFORMATION_FORMAT = dwarf;
				ENABLE_STRICT_OBJC_MSGSEND = YES;
				ENABLE_TESTABILITY = YES;
				GCC_C_LANGUAGE_STANDARD = gnu11;
				GCC_DYNAMIC_NO_PIC = NO;
				GCC_NO_COMMON_BLOCKS = YES;
				GCC_OPTIMIZATION_LEVEL = 0;
				GCC_PREPROCESSOR_DEFINITIONS = (
					"DEBUG=1",
					"$(inherited)",
				);
				GCC_WARN_64_TO_32_BIT_CONVERSION = YES;
				GCC_WARN_ABOUT_RETURN_TYPE = YES_ERROR;
				GCC_WARN_UNDECLARED_SELECTOR = YES;
				GCC_WARN_UNINITIALIZED_AUTOS = YES_AGGRESSIVE;
				GCC_WARN_UNUSED_FUNCTION = YES;
				GCC_WARN_UNUSED_VARIABLE = YES;
				MACOSX_DEPLOYMENT_TARGET = 12.3;
				MTL_ENABLE_DEBUG_INFO = INCLUDE_SOURCE;
				MTL_FAST_MATH = YES;
				ONLY_ACTIVE_ARCH = YES;
				SDKROOT = macosx;
				SWIFT_ACTIVE_COMPILATION_CONDITIONS = DEBUG;
				SWIFT_OPTIMIZATION_LEVEL = "-Onone";
			};
			name = Debug;
		};
		09A771DD2925481F0095FA28 /* Release */ = {
			isa = XCBuildConfiguration;
			buildSettings = {
				ALWAYS_SEARCH_USER_PATHS = NO;
				CLANG_ANALYZER_NONNULL = YES;
				CLANG_ANALYZER_NUMBER_OBJECT_CONVERSION = YES_AGGRESSIVE;
				CLANG_CXX_LANGUAGE_STANDARD = "gnu++17";
				CLANG_ENABLE_MODULES = YES;
				CLANG_ENABLE_OBJC_ARC = YES;
				CLANG_ENABLE_OBJC_WEAK = YES;
				CLANG_WARN_BLOCK_CAPTURE_AUTORELEASING = YES;
				CLANG_WARN_BOOL_CONVERSION = YES;
				CLANG_WARN_COMMA = YES;
				CLANG_WARN_CONSTANT_CONVERSION = YES;
				CLANG_WARN_DEPRECATED_OBJC_IMPLEMENTATIONS = YES;
				CLANG_WARN_DIRECT_OBJC_ISA_USAGE = YES_ERROR;
				CLANG_WARN_DOCUMENTATION_COMMENTS = YES;
				CLANG_WARN_EMPTY_BODY = YES;
				CLANG_WARN_ENUM_CONVERSION = YES;
				CLANG_WARN_INFINITE_RECURSION = YES;
				CLANG_WARN_INT_CONVERSION = YES;
				CLANG_WARN_NON_LITERAL_NULL_CONVERSION = YES;
				CLANG_WARN_OBJC_IMPLICIT_RETAIN_SELF = YES;
				CLANG_WARN_OBJC_LITERAL_CONVERSION = YES;
				CLANG_WARN_OBJC_ROOT_CLASS = YES_ERROR;
				CLANG_WARN_QUOTED_INCLUDE_IN_FRAMEWORK_HEADER = YES;
				CLANG_WARN_RANGE_LOOP_ANALYSIS = YES;
				CLANG_WARN_STRICT_PROTOTYPES = YES;
				CLANG_WARN_SUSPICIOUS_MOVE = YES;
				CLANG_WARN_UNGUARDED_AVAILABILITY = YES_AGGRESSIVE;
				CLANG_WARN_UNREACHABLE_CODE = YES;
				CLANG_WARN__DUPLICATE_METHOD_MATCH = YES;
				COPY_PHASE_STRIP = NO;
				DEBUG_INFORMATION_FORMAT = "dwarf-with-dsym";
				ENABLE_NS_ASSERTIONS = NO;
				ENABLE_STRICT_OBJC_MSGSEND = YES;
				GCC_C_LANGUAGE_STANDARD = gnu11;
				GCC_NO_COMMON_BLOCKS = YES;
				GCC_WARN_64_TO_32_BIT_CONVERSION = YES;
				GCC_WARN_ABOUT_RETURN_TYPE = YES_ERROR;
				GCC_WARN_UNDECLARED_SELECTOR = YES;
				GCC_WARN_UNINITIALIZED_AUTOS = YES_AGGRESSIVE;
				GCC_WARN_UNUSED_FUNCTION = YES;
				GCC_WARN_UNUSED_VARIABLE = YES;
				MACOSX_DEPLOYMENT_TARGET = 12.3;
				MTL_ENABLE_DEBUG_INFO = NO;
				MTL_FAST_MATH = YES;
				SDKROOT = macosx;
				SWIFT_COMPILATION_MODE = wholemodule;
				SWIFT_OPTIMIZATION_LEVEL = "-O";
			};
			name = Release;
		};
		09A771DF2925481F0095FA28 /* Debug */ = {
			isa = XCBuildConfiguration;
			buildSettings = {
				CLANG_ENABLE_MODULES = YES;
				CODE_SIGN_STYLE = Automatic;
				DEVELOPMENT_TEAM = 65HCRGU5FA;
				ENABLE_HARDENED_RUNTIME = YES;
				LD_RUNPATH_SEARCH_PATHS = (
					"$(inherited)",
					"@executable_path/../Frameworks",
					"@loader_path/../Frameworks",
				);
				PRODUCT_NAME = "$(TARGET_NAME)";
				SWIFT_OBJC_BRIDGING_HEADER = "SocketClient/SocketClient-Bridging-Header.h";
				SWIFT_OPTIMIZATION_LEVEL = "-Onone";
				SWIFT_VERSION = 5.0;
			};
			name = Debug;
		};
		09A771E02925481F0095FA28 /* Release */ = {
			isa = XCBuildConfiguration;
			buildSettings = {
				CLANG_ENABLE_MODULES = YES;
				CODE_SIGN_STYLE = Automatic;
				DEVELOPMENT_TEAM = 65HCRGU5FA;
				ENABLE_HARDENED_RUNTIME = YES;
				LD_RUNPATH_SEARCH_PATHS = (
					"$(inherited)",
					"@executable_path/../Frameworks",
					"@loader_path/../Frameworks",
				);
				PRODUCT_NAME = "$(TARGET_NAME)";
				SWIFT_OBJC_BRIDGING_HEADER = "SocketClient/SocketClient-Bridging-Header.h";
				SWIFT_VERSION = 5.0;
			};
			name = Release;
		};
/* End XCBuildConfiguration section */

/* Begin XCConfigurationList section */
		09A771D22925481F0095FA28 /* Build configuration list for PBXProject "SocketClient" */ = {
			isa = XCConfigurationList;
			buildConfigurations = (
				09A771DC2925481F0095FA28 /* Debug */,
				09A771DD2925481F0095FA28 /* Release */,
			);
			defaultConfigurationIsVisible = 0;
			defaultConfigurationName = Release;
		};
		09A771DE2925481F0095FA28 /* Build configuration list for PBXNativeTarget "SocketClient" */ = {
			isa = XCConfigurationList;
			buildConfigurations = (
				09A771DF2925481F0095FA28 /* Debug */,
				09A771E02925481F0095FA28 /* Release */,
			);
			defaultConfigurationIsVisible = 0;
			defaultConfigurationName = Release;
		};
/* End XCConfigurationList section */
	};
	rootObject = 09A771CF2925481F0095FA28 /* Project object */;
}
